
Microsoft Visual Studio Solution File, Format Version 12.00
# Visual Studio Version 16
VisualStudioVersion = 16.0.31702.278
MinimumVisualStudioVersion = 10.0.40219.1
Project("{FAE04EC0-301F-11D3-BF4B-00C04F79EFBC}") = "testing", "testing.csproj", "{36998704-8E82-42D4-BE4A-AD776D940663}"
EndProject
Global
	GlobalSection(SolutionConfigurationPlatforms) = preSolution
		Debug|Any CPU = Debug|Any CPU
		Release|Any CPU = Release|Any CPU
	EndGlobalSection
	GlobalSection(ProjectConfigurationPlatforms) = postSolution
		{36998704-8E82-42D4-BE4A-AD776D940663}.Debug|Any CPU.ActiveCfg = Debug|Any CPU
		{36998704-8E82-42D4-BE4A-AD776D940663}.Debug|Any CPU.Build.0 = Debug|Any CPU
		{36998704-8E82-42D4-BE4A-AD776D940663}.Release|Any CPU.ActiveCfg = Release|Any CPU
		{36998704-8E82-42D4-BE4A-AD776D940663}.Release|Any CPU.Build.0 = Release|Any CPU
	EndGlobalSection
	GlobalSection(SolutionProperties) = preSolution
		HideSolutionNode = FALSE
	EndGlobalSection
	GlobalSection(ExtensibilityGlobals) = postSolution
		SolutionGuid = {3EF02373-E3F0-438F-81DA-15C356BE1786}
	EndGlobalSection
EndGlobal
