
Microsoft Visual Studio Solution File, Format Version 12.00
# Visual Studio Version 16
VisualStudioVersion = 16.0.31702.278
MinimumVisualStudioVersion = 10.0.40219.1
Project("{FAE04EC0-301F-11D3-BF4B-00C04F79EFBC}") = "gsa_api_v2", "gsa_api_v2.csproj", "{774AE09E-7C3B-433B-B0E1-48608997435B}"
EndProject
Global
	GlobalSection(SolutionConfigurationPlatforms) = preSolution
		Debug|Any CPU = Debug|Any CPU
		Release|Any CPU = Release|Any CPU
	EndGlobalSection
	GlobalSection(ProjectConfigurationPlatforms) = postSolution
		{774AE09E-7C3B-433B-B0E1-48608997435B}.Debug|Any CPU.ActiveCfg = Debug|Any CPU
		{774AE09E-7C3B-433B-B0E1-48608997435B}.Debug|Any CPU.Build.0 = Debug|Any CPU
		{774AE09E-7C3B-433B-B0E1-48608997435B}.Release|Any CPU.ActiveCfg = Release|Any CPU
		{774AE09E-7C3B-433B-B0E1-48608997435B}.Release|Any CPU.Build.0 = Release|Any CPU
	EndGlobalSection
	GlobalSection(SolutionProperties) = preSolution
		HideSolutionNode = FALSE
	EndGlobalSection
	GlobalSection(ExtensibilityGlobals) = postSolution
		SolutionGuid = {645A80D0-0BB7-4999-9681-CD5DD37FB940}
	EndGlobalSection
EndGlobal
